// !$*UTF8*$!
{
	archiveVersion = 1;
	classes = {
	};
	objectVersion = 50;
	objects = {

/* Begin PBXBuildFile section */
		F3346C9A74F48AD0A254C1D7 /* Pods_MemoReminder.framework in Frameworks */ = {isa = PBXBuildFile; fileRef = D8E938049B87AE0F38B94C94 /* Pods_MemoReminder.framework */; };
		FD27AC4E20DA8059005958FF /* AppDelegate.swift in Sources */ = {isa = PBXBuildFile; fileRef = FD27AC4D20DA8059005958FF /* AppDelegate.swift */; };
		FD27AC5020DA8059005958FF /* ViewController.swift in Sources */ = {isa = PBXBuildFile; fileRef = FD27AC4F20DA8059005958FF /* ViewController.swift */; };
		FD27AC5320DA8059005958FF /* Main.storyboard in Resources */ = {isa = PBXBuildFile; fileRef = FD27AC5120DA8059005958FF /* Main.storyboard */; };
		FD27AC5520DA805A005958FF /* Assets.xcassets in Resources */ = {isa = PBXBuildFile; fileRef = FD27AC5420DA805A005958FF /* Assets.xcassets */; };
		FD27AC5820DA805A005958FF /* LaunchScreen.storyboard in Resources */ = {isa = PBXBuildFile; fileRef = FD27AC5620DA805A005958FF /* LaunchScreen.storyboard */; };
/* End PBXBuildFile section */

/* Begin PBXFileReference section */
		96FD56C205FDED51904DD441 /* Pods-MemoReminder.release.xcconfig */ = {isa = PBXFileReference; includeInIndex = 1; lastKnownFileType = text.xcconfig; name = "Pods-MemoReminder.release.xcconfig"; path = "Pods/Target Support Files/Pods-MemoReminder/Pods-MemoReminder.release.xcconfig"; sourceTree = "<group>"; };
		A227FA557E3C29E019CDB010 /* Pods-MemoReminder.debug.xcconfig */ = {isa = PBXFileReference; includeInIndex = 1; lastKnownFileType = text.xcconfig; name = "Pods-MemoReminder.debug.xcconfig"; path = "Pods/Target Support Files/Pods-MemoReminder/Pods-MemoReminder.debug.xcconfig"; sourceTree = "<group>"; };
		D8E938049B87AE0F38B94C94 /* Pods_MemoReminder.framework */ = {isa = PBXFileReference; explicitFileType = wrapper.framework; includeInIndex = 0; path = Pods_MemoReminder.framework; sourceTree = BUILT_PRODUCTS_DIR; };
		FD27AC4A20DA8059005958FF /* MemoReminder.app */ = {isa = PBXFileReference; explicitFileType = wrapper.application; includeInIndex = 0; path = MemoReminder.app; sourceTree = BUILT_PRODUCTS_DIR; };
		FD27AC4D20DA8059005958FF /* AppDelegate.swift */ = {isa = PBXFileReference; lastKnownFileType = sourcecode.swift; path = AppDelegate.swift; sourceTree = "<group>"; };
		FD27AC4F20DA8059005958FF /* ViewController.swift */ = {isa = PBXFileReference; lastKnownFileType = sourcecode.swift; path = ViewController.swift; sourceTree = "<group>"; };
		FD27AC5220DA8059005958FF /* Base */ = {isa = PBXFileReference; lastKnownFileType = file.storyboard; name = Base; path = Base.lproj/Main.storyboard; sourceTree = "<group>"; };
		FD27AC5420DA805A005958FF /* Assets.xcassets */ = {isa = PBXFileReference; lastKnownFileType = folder.assetcatalog; path = Assets.xcassets; sourceTree = "<group>"; };
		FD27AC5720DA805A005958FF /* Base */ = {isa = PBXFileReference; lastKnownFileType = file.storyboard; name = Base; path = Base.lproj/LaunchScreen.storyboard; sourceTree = "<group>"; };
		FD27AC5920DA805A005958FF /* Info.plist */ = {isa = PBXFileReference; lastKnownFileType = text.plist.xml; path = Info.plist; sourceTree = "<group>"; };
/* End PBXFileReference section */

/* Begin PBXFrameworksBuildPhase section */
		FD27AC4720DA8059005958FF /* Frameworks */ = {
			isa = PBXFrameworksBuildPhase;
			buildActionMask = 2147483647;
			files = (
				F3346C9A74F48AD0A254C1D7 /* Pods_MemoReminder.framework in Frameworks */,
			);
			runOnlyForDeploymentPostprocessing = 0;
		};
/* End PBXFrameworksBuildPhase section */

/* Begin PBXGroup section */
		3BF7C500EC23B238E859D69D /* Frameworks */ = {
			isa = PBXGroup;
			children = (
				D8E938049B87AE0F38B94C94 /* Pods_MemoReminder.framework */,
			);
			name = Frameworks;
			sourceTree = "<group>";
		};
		5A74FC2DFE4FA490FED263F6 /* Pods */ = {
			isa = PBXGroup;
			children = (
				A227FA557E3C29E019CDB010 /* Pods-MemoReminder.debug.xcconfig */,
				96FD56C205FDED51904DD441 /* Pods-MemoReminder.release.xcconfig */,
			);
			name = Pods;
			sourceTree = "<group>";
		};
		FD27AC4120DA8059005958FF = {
			isa = PBXGroup;
			children = (
				FD27AC4C20DA8059005958FF /* MemoReminder */,
				FD27AC4B20DA8059005958FF /* Products */,
				5A74FC2DFE4FA490FED263F6 /* Pods */,
				3BF7C500EC23B238E859D69D /* Frameworks */,
			);
			sourceTree = "<group>";
		};
		FD27AC4B20DA8059005958FF /* Products */ = {
			isa = PBXGroup;
			children = (
				FD27AC4A20DA8059005958FF /* MemoReminder.app */,
			);
			name = Products;
			sourceTree = "<group>";
		};
		FD27AC4C20DA8059005958FF /* MemoReminder */ = {
			isa = PBXGroup;
			children = (
				FD27AC4D20DA8059005958FF /* AppDelegate.swift */,
				FD27AC4F20DA8059005958FF /* ViewController.swift */,
				FD27AC5120DA8059005958FF /* Main.storyboard */,
				FD27AC5420DA805A005958FF /* Assets.xcassets */,
				FD27AC5620DA805A005958FF /* LaunchScreen.storyboard */,
				FD27AC5920DA805A005958FF /* Info.plist */,
			);
			path = MemoReminder;
			sourceTree = "<group>";
		};
/* End PBXGroup section */

/* Begin PBXNativeTarget section */
		FD27AC4920DA8059005958FF /* MemoReminder */ = {
			isa = PBXNativeTarget;
			buildConfigurationList = FD27AC5C20DA805A005958FF /* Build configuration list for PBXNativeTarget "MemoReminder" */;
			buildPhases = (
				30F14CFB61B356A9E219614E /* [CP] Check Pods Manifest.lock */,
				FD27AC4620DA8059005958FF /* Sources */,
				FD27AC4720DA8059005958FF /* Frameworks */,
				FD27AC4820DA8059005958FF /* Resources */,
				E793A37A9A15A45FA834A9B5 /* [CP] Embed Pods Frameworks */,
			);
			buildRules = (
			);
			dependencies = (
			);
			name = MemoReminder;
			productName = MemoReminder;
			productReference = FD27AC4A20DA8059005958FF /* MemoReminder.app */;
			productType = "com.apple.product-type.application";
		};
/* End PBXNativeTarget section */

/* Begin PBXProject section */
		FD27AC4220DA8059005958FF /* Project object */ = {
			isa = PBXProject;
			attributes = {
				LastSwiftUpdateCheck = 0940;
				LastUpgradeCheck = 0940;
				ORGANIZATIONNAME = "Swift-beginners";
				TargetAttributes = {
					FD27AC4920DA8059005958FF = {
						CreatedOnToolsVersion = 9.4;
					};
				};
			};
			buildConfigurationList = FD27AC4520DA8059005958FF /* Build configuration list for PBXProject "MemoReminder" */;
			compatibilityVersion = "Xcode 9.3";
			developmentRegion = en;
			hasScannedForEncodings = 0;
			knownRegions = (
				en,
				Base,
			);
			mainGroup = FD27AC4120DA8059005958FF;
			productRefGroup = FD27AC4B20DA8059005958FF /* Products */;
			projectDirPath = "";
			projectRoot = "";
			targets = (
				FD27AC4920DA8059005958FF /* MemoReminder */,
			);
		};
/* End PBXProject section */

/* Begin PBXResourcesBuildPhase section */
		FD27AC4820DA8059005958FF /* Resources */ = {
			isa = PBXResourcesBuildPhase;
			buildActionMask = 2147483647;
			files = (
				FD27AC5820DA805A005958FF /* LaunchScreen.storyboard in Resources */,
				FD27AC5520DA805A005958FF /* Assets.xcassets in Resources */,
				FD27AC5320DA8059005958FF /* Main.storyboard in Resources */,
			);
			runOnlyForDeploymentPostprocessing = 0;
		};
/* End PBXResourcesBuildPhase section */

/* Begin PBXShellScriptBuildPhase section */
		30F14CFB61B356A9E219614E /* [CP] Check Pods Manifest.lock */ = {
			isa = PBXShellScriptBuildPhase;
			buildActionMask = 2147483647;
			files = (
			);
			inputPaths = (
				"${PODS_PODFILE_DIR_PATH}/Podfile.lock",
				"${PODS_ROOT}/Manifest.lock",
			);
			name = "[CP] Check Pods Manifest.lock";
			outputPaths = (
				"$(DERIVED_FILE_DIR)/Pods-MemoReminder-checkManifestLockResult.txt",
			);
			runOnlyForDeploymentPostprocessing = 0;
			shellPath = /bin/sh;
			shellScript = "diff \"${PODS_PODFILE_DIR_PATH}/Podfile.lock\" \"${PODS_ROOT}/Manifest.lock\" > /dev/null\nif [ $? != 0 ] ; then\n    # print error to STDERR\n    echo \"error: The sandbox is not in sync with the Podfile.lock. Run 'pod install' or update your CocoaPods installation.\" >&2\n    exit 1\nfi\n# This output is used by Xcode 'outputs' to avoid re-running this script phase.\necho \"SUCCESS\" > \"${SCRIPT_OUTPUT_FILE_0}\"\n";
			showEnvVarsInLog = 0;
		};
		E793A37A9A15A45FA834A9B5 /* [CP] Embed Pods Frameworks */ = {
			isa = PBXShellScriptBuildPhase;
			buildActionMask = 2147483647;
			files = (
			);
			inputPaths = (
				"${SRCROOT}/Pods/Target Support Files/Pods-MemoReminder/Pods-MemoReminder-frameworks.sh",
				"${BUILT_PRODUCTS_DIR}/PureLayout/PureLayout.framework",
			);
			name = "[CP] Embed Pods Frameworks";
			outputPaths = (
				"${TARGET_BUILD_DIR}/${FRAMEWORKS_FOLDER_PATH}/PureLayout.framework",
			);
			runOnlyForDeploymentPostprocessing = 0;
			shellPath = /bin/sh;
			shellScript = "\"${SRCROOT}/Pods/Target Support Files/Pods-MemoReminder/Pods-MemoReminder-frameworks.sh\"\n";
			showEnvVarsInLog = 0;
		};
/* End PBXShellScriptBuildPhase section */

/* Begin PBXSourcesBuildPhase section */
		FD27AC4620DA8059005958FF /* Sources */ = {
			isa = PBXSourcesBuildPhase;
			buildActionMask = 2147483647;
			files = (
				FD27AC5020DA8059005958FF /* ViewController.swift in Sources */,
				FD27AC4E20DA8059005958FF /* AppDelegate.swift in Sources */,
			);
			runOnlyForDeploymentPostprocessing = 0;
		};
/* End PBXSourcesBuildPhase section */

/* Begin PBXVariantGroup section */
		FD27AC5120DA8059005958FF /* Main.storyboard */ = {
			isa = PBXVariantGroup;
			children = (
				FD27AC5220DA8059005958FF /* Base */,
			);
			name = Main.storyboard;
			sourceTree = "<group>";
		};
		FD27AC5620DA805A005958FF /* LaunchScreen.storyboard */ = {
			isa = PBXVariantGroup;
			children = (
				FD27AC5720DA805A005958FF /* Base */,
			);
			name = LaunchScreen.storyboard;
			sourceTree = "<group>";
		};
/* End PBXVariantGroup section */

/* Begin XCBuildConfiguration section */
		FD27AC5A20DA805A005958FF /* Debug */ = {
			isa = XCBuildConfiguration;
			buildSettings = {
				ALWAYS_SEARCH_USER_PATHS = NO;
				CLANG_ANALYZER_NONNULL = YES;
				CLANG_ANALYZER_NUMBER_OBJECT_CONVERSION = YES_AGGRESSIVE;
				CLANG_CXX_LANGUAGE_STANDARD = "gnu++14";
				CLANG_CXX_LIBRARY = "libc++";
				CLANG_ENABLE_MODULES = YES;
				CLANG_ENABLE_OBJC_ARC = YES;
				CLANG_ENABLE_OBJC_WEAK = YES;
				CLANG_WARN_BLOCK_CAPTURE_AUTORELEASING = YES;
				CLANG_WARN_BOOL_CONVERSION = YES;
				CLANG_WARN_COMMA = YES;
				CLANG_WARN_CONSTANT_CONVERSION = YES;
				CLANG_WARN_DEPRECATED_OBJC_IMPLEMENTATIONS = YES;
				CLANG_WARN_DIRECT_OBJC_ISA_USAGE = YES_ERROR;
				CLANG_WARN_DOCUMENTATION_COMMENTS = YES;
				CLANG_WARN_EMPTY_BODY = YES;
				CLANG_WARN_ENUM_CONVERSION = YES;
				CLANG_WARN_INFINITE_RECURSION = YES;
				CLANG_WARN_INT_CONVERSION = YES;
				CLANG_WARN_NON_LITERAL_NULL_CONVERSION = YES;
				CLANG_WARN_OBJC_IMPLICIT_RETAIN_SELF = YES;
				CLANG_WARN_OBJC_LITERAL_CONVERSION = YES;
				CLANG_WARN_OBJC_ROOT_CLASS = YES_ERROR;
				CLANG_WARN_RANGE_LOOP_ANALYSIS = YES;
				CLANG_WARN_STRICT_PROTOTYPES = YES;
				CLANG_WARN_SUSPICIOUS_MOVE = YES;
				CLANG_WARN_UNGUARDED_AVAILABILITY = YES_AGGRESSIVE;
				CLANG_WARN_UNREACHABLE_CODE = YES;
				CLANG_WARN__DUPLICATE_METHOD_MATCH = YES;
				CODE_SIGN_IDENTITY = "iPhone Developer";
				COPY_PHASE_STRIP = NO;
				DEBUG_INFORMATION_FORMAT = dwarf;
				ENABLE_STRICT_OBJC_MSGSEND = YES;
				ENABLE_TESTABILITY = YES;
				GCC_C_LANGUAGE_STANDARD = gnu11;
				GCC_DYNAMIC_NO_PIC = NO;
				GCC_NO_COMMON_BLOCKS = YES;
				GCC_OPTIMIZATION_LEVEL = 0;
				GCC_PREPROCESSOR_DEFINITIONS = (
					"DEBUG=1",
					"$(inherited)",
				);
				GCC_WARN_64_TO_32_BIT_CONVERSION = YES;
				GCC_WARN_ABOUT_RETURN_TYPE = YES_ERROR;
				GCC_WARN_UNDECLARED_SELECTOR = YES;
				GCC_WARN_UNINITIALIZED_AUTOS = YES_AGGRESSIVE;
				GCC_WARN_UNUSED_FUNCTION = YES;
				GCC_WARN_UNUSED_VARIABLE = YES;
				IPHONEOS_DEPLOYMENT_TARGET = 11.4;
				MTL_ENABLE_DEBUG_INFO = YES;
				ONLY_ACTIVE_ARCH = YES;
				SDKROOT = iphoneos;
				SWIFT_ACTIVE_COMPILATION_CONDITIONS = DEBUG;
				SWIFT_OPTIMIZATION_LEVEL = "-Onone";
			};
			name = Debug;
		};
		FD27AC5B20DA805A005958FF /* Release */ = {
			isa = XCBuildConfiguration;
			buildSettings = {
				ALWAYS_SEARCH_USER_PATHS = NO;
				CLANG_ANALYZER_NONNULL = YES;
				CLANG_ANALYZER_NUMBER_OBJECT_CONVERSION = YES_AGGRESSIVE;
				CLANG_CXX_LANGUAGE_STANDARD = "gnu++14";
				CLANG_CXX_LIBRARY = "libc++";
				CLANG_ENABLE_MODULES = YES;
				CLANG_ENABLE_OBJC_ARC = YES;
				CLANG_ENABLE_OBJC_WEAK = YES;
				CLANG_WARN_BLOCK_CAPTURE_AUTORELEASING = YES;
				CLANG_WARN_BOOL_CONVERSION = YES;
				CLANG_WARN_COMMA = YES;
				CLANG_WARN_CONSTANT_CONVERSION = YES;
				CLANG_WARN_DEPRECATED_OBJC_IMPLEMENTATIONS = YES;
				CLANG_WARN_DIRECT_OBJC_ISA_USAGE = YES_ERROR;
				CLANG_WARN_DOCUMENTATION_COMMENTS = YES;
				CLANG_WARN_EMPTY_BODY = YES;
				CLANG_WARN_ENUM_CONVERSION = YES;
				CLANG_WARN_INFINITE_RECURSION = YES;
				CLANG_WARN_INT_CONVERSION = YES;
				CLANG_WARN_NON_LITERAL_NULL_CONVERSION = YES;
				CLANG_WARN_OBJC_IMPLICIT_RETAIN_SELF = YES;
				CLANG_WARN_OBJC_LITERAL_CONVERSION = YES;
				CLANG_WARN_OBJC_ROOT_CLASS = YES_ERROR;
				CLANG_WARN_RANGE_LOOP_ANALYSIS = YES;
				CLANG_WARN_STRICT_PROTOTYPES = YES;
				CLANG_WARN_SUSPICIOUS_MOVE = YES;
				CLANG_WARN_UNGUARDED_AVAILABILITY = YES_AGGRESSIVE;
				CLANG_WARN_UNREACHABLE_CODE = YES;
				CLANG_WARN__DUPLICATE_METHOD_MATCH = YES;
				CODE_SIGN_IDENTITY = "iPhone Developer";
				COPY_PHASE_STRIP = NO;
				DEBUG_INFORMATION_FORMAT = "dwarf-with-dsym";
				ENABLE_NS_ASSERTIONS = NO;
				ENABLE_STRICT_OBJC_MSGSEND = YES;
				GCC_C_LANGUAGE_STANDARD = gnu11;
				GCC_NO_COMMON_BLOCKS = YES;
				GCC_WARN_64_TO_32_BIT_CONVERSION = YES;
				GCC_WARN_ABOUT_RETURN_TYPE = YES_ERROR;
				GCC_WARN_UNDECLARED_SELECTOR = YES;
				GCC_WARN_UNINITIALIZED_AUTOS = YES_AGGRESSIVE;
				GCC_WARN_UNUSED_FUNCTION = YES;
				GCC_WARN_UNUSED_VARIABLE = YES;
				IPHONEOS_DEPLOYMENT_TARGET = 11.4;
				MTL_ENABLE_DEBUG_INFO = NO;
				SDKROOT = iphoneos;
				SWIFT_COMPILATION_MODE = wholemodule;
				SWIFT_OPTIMIZATION_LEVEL = "-O";
				VALIDATE_PRODUCT = YES;
			};
			name = Release;
		};
		FD27AC5D20DA805A005958FF /* Debug */ = {
			isa = XCBuildConfiguration;
			baseConfigurationReference = A227FA557E3C29E019CDB010 /* Pods-MemoReminder.debug.xcconfig */;
			buildSettings = {
				ASSETCATALOG_COMPILER_APPICON_NAME = AppIcon;
				CODE_SIGN_STYLE = Automatic;
				DEVELOPMENT_TEAM = 8DJ3WL36QU;
				INFOPLIST_FILE = MemoReminder/Info.plist;
				LD_RUNPATH_SEARCH_PATHS = "$(inherited) @executable_path/Frameworks";
				PRODUCT_BUNDLE_IDENTIFIER = "Swift-beginners2.MemoReminder";
				PRODUCT_NAME = "$(TARGET_NAME)";
				SWIFT_VERSION = 4.0;
				TARGETED_DEVICE_FAMILY = "1,2";
			};
			name = Debug;
		};
		FD27AC5E20DA805A005958FF /* Release */ = {
			isa = XCBuildConfiguration;
			baseConfigurationReference = 96FD56C205FDED51904DD441 /* Pods-MemoReminder.release.xcconfig */;
			buildSettings = {
				ASSETCATALOG_COMPILER_APPICON_NAME = AppIcon;
				CODE_SIGN_STYLE = Automatic;
				DEVELOPMENT_TEAM = 8DJ3WL36QU;
				INFOPLIST_FILE = MemoReminder/Info.plist;
				LD_RUNPATH_SEARCH_PATHS = "$(inherited) @executable_path/Frameworks";
				PRODUCT_BUNDLE_IDENTIFIER = "Swift-beginners2.MemoReminder";
				PRODUCT_NAME = "$(TARGET_NAME)";
				SWIFT_VERSION = 4.0;
				TARGETED_DEVICE_FAMILY = "1,2";
			};
			name = Release;
		};
/* End XCBuildConfiguration section */

/* Begin XCConfigurationList section */
		FD27AC4520DA8059005958FF /* Build configuration list for PBXProject "MemoReminder" */ = {
			isa = XCConfigurationList;
			buildConfigurations = (
				FD27AC5A20DA805A005958FF /* Debug */,
				FD27AC5B20DA805A005958FF /* Release */,
			);
			defaultConfigurationIsVisible = 0;
			defaultConfigurationName = Release;
		};
		FD27AC5C20DA805A005958FF /* Build configuration list for PBXNativeTarget "MemoReminder" */ = {
			isa = XCConfigurationList;
			buildConfigurations = (
				FD27AC5D20DA805A005958FF /* Debug */,
				FD27AC5E20DA805A005958FF /* Release */,
			);
			defaultConfigurationIsVisible = 0;
			defaultConfigurationName = Release;
		};
/* End XCConfigurationList section */
	};
	rootObject = FD27AC4220DA8059005958FF /* Project object */;
}
